
Microsoft Visual Studio Solution File, Format Version 12.00
# Visual Studio Version 17
VisualStudioVersion = 17.11.35327.3
MinimumVisualStudioVersion = 10.0.40219.1
Project("{FAE04EC0-301F-11D3-BF4B-00C04F79EFBC}") = "Alvaro Practica3", "Alvaro Practica3.csproj", "{FBADE90D-4C50-4D64-9452-84F8801768AD}"
EndProject
Global
	GlobalSection(SolutionConfigurationPlatforms) = preSolution
		Debug|Any CPU = Debug|Any CPU
		Release|Any CPU = Release|Any CPU
	EndGlobalSection
	GlobalSection(ProjectConfigurationPlatforms) = postSolution
		{FBADE90D-4C50-4D64-9452-84F8801768AD}.Debug|Any CPU.ActiveCfg = Debug|Any CPU
		{FBADE90D-4C50-4D64-9452-84F8801768AD}.Debug|Any CPU.Build.0 = Debug|Any CPU
		{FBADE90D-4C50-4D64-9452-84F8801768AD}.Debug|Any CPU.Deploy.0 = Debug|Any CPU
		{FBADE90D-4C50-4D64-9452-84F8801768AD}.Release|Any CPU.ActiveCfg = Release|Any CPU
		{FBADE90D-4C50-4D64-9452-84F8801768AD}.Release|Any CPU.Build.0 = Release|Any CPU
		{FBADE90D-4C50-4D64-9452-84F8801768AD}.Release|Any CPU.Deploy.0 = Release|Any CPU
	EndGlobalSection
	GlobalSection(SolutionProperties) = preSolution
		HideSolutionNode = FALSE
	EndGlobalSection
	GlobalSection(ExtensibilityGlobals) = postSolution
		SolutionGuid = {54412661-B754-4941-8FCD-3941D0FBEC64}
	EndGlobalSection
EndGlobal
